
Microsoft Visual Studio Solution File, Format Version 12.00
# Visual Studio Version 16
VisualStudioVersion = 16.0.31205.134
MinimumVisualStudioVersion = 10.0.40219.1
Project("{FAE04EC0-301F-11D3-BF4B-00C04F79EFBC}") = "Lesson1Location", "Lesson1Location\Lesson1Location.csproj", "{88CA26E4-7FDF-4A44-A86C-E4D7210625F2}"
EndProject
Project("{FAE04EC0-301F-11D3-BF4B-00C04F79EFBC}") = "DAL", "DAL\DAL.csproj", "{6BB05066-AF84-4169-A27C-1A13074A5037}"
EndProject
Global
	GlobalSection(SolutionConfigurationPlatforms) = preSolution
		Debug|Any CPU = Debug|Any CPU
		Release|Any CPU = Release|Any CPU
	EndGlobalSection
	GlobalSection(ProjectConfigurationPlatforms) = postSolution
		{88CA26E4-7FDF-4A44-A86C-E4D7210625F2}.Debug|Any CPU.ActiveCfg = Debug|Any CPU
		{88CA26E4-7FDF-4A44-A86C-E4D7210625F2}.Debug|Any CPU.Build.0 = Debug|Any CPU
		{88CA26E4-7FDF-4A44-A86C-E4D7210625F2}.Release|Any CPU.ActiveCfg = Release|Any CPU
		{88CA26E4-7FDF-4A44-A86C-E4D7210625F2}.Release|Any CPU.Build.0 = Release|Any CPU
		{6BB05066-AF84-4169-A27C-1A13074A5037}.Debug|Any CPU.ActiveCfg = Debug|Any CPU
		{6BB05066-AF84-4169-A27C-1A13074A5037}.Debug|Any CPU.Build.0 = Debug|Any CPU
		{6BB05066-AF84-4169-A27C-1A13074A5037}.Release|Any CPU.ActiveCfg = Release|Any CPU
		{6BB05066-AF84-4169-A27C-1A13074A5037}.Release|Any CPU.Build.0 = Release|Any CPU
	EndGlobalSection
	GlobalSection(SolutionProperties) = preSolution
		HideSolutionNode = FALSE
	EndGlobalSection
	GlobalSection(ExtensibilityGlobals) = postSolution
		SolutionGuid = {8881C8C6-C4E0-420C-BD8C-C04970BEDE50}
	EndGlobalSection
EndGlobal
